
Microsoft Visual Studio Solution File, Format Version 12.00
# Visual Studio Version 17
VisualStudioVersion = 17.4.33205.214
MinimumVisualStudioVersion = 10.0.40219.1
Project("{FAE04EC0-301F-11D3-BF4B-00C04F79EFBC}") = "Imttech.Test1", "src\Imttech.Test1\Imttech.Test1.csproj", "{F32CADC9-4804-41C7-8C3C-CEF66260EE6A}"
EndProject
Global
	GlobalSection(SolutionConfigurationPlatforms) = preSolution
		Debug|Any CPU = Debug|Any CPU
		Release|Any CPU = Release|Any CPU
	EndGlobalSection
	GlobalSection(ProjectConfigurationPlatforms) = postSolution
		{F32CADC9-4804-41C7-8C3C-CEF66260EE6A}.Debug|Any CPU.ActiveCfg = Debug|Any CPU
		{F32CADC9-4804-41C7-8C3C-CEF66260EE6A}.Debug|Any CPU.Build.0 = Debug|Any CPU
		{F32CADC9-4804-41C7-8C3C-CEF66260EE6A}.Release|Any CPU.ActiveCfg = Release|Any CPU
		{F32CADC9-4804-41C7-8C3C-CEF66260EE6A}.Release|Any CPU.Build.0 = Release|Any CPU
	EndGlobalSection
	GlobalSection(SolutionProperties) = preSolution
		HideSolutionNode = FALSE
	EndGlobalSection
	GlobalSection(ExtensibilityGlobals) = postSolution
		SolutionGuid = {57449065-66AA-4767-880C-84B5467AF766}
	EndGlobalSection
EndGlobal
